
Microsoft Visual Studio Solution File, Format Version 12.00
Project("{FAE04EC0-301F-11D3-BF4B-00C04F79EFBC}") = "Assignment02", "Assignment02\Assignment02.csproj", "{53E96086-9A83-49D0-AB00-2E3FBB53DFA7}"
EndProject
Global
	GlobalSection(SolutionConfigurationPlatforms) = preSolution
		Debug|Any CPU = Debug|Any CPU
		Release|Any CPU = Release|Any CPU
	EndGlobalSection
	GlobalSection(ProjectConfigurationPlatforms) = postSolution
		{53E96086-9A83-49D0-AB00-2E3FBB53DFA7}.Debug|Any CPU.ActiveCfg = Debug|Any CPU
		{53E96086-9A83-49D0-AB00-2E3FBB53DFA7}.Debug|Any CPU.Build.0 = Debug|Any CPU
		{53E96086-9A83-49D0-AB00-2E3FBB53DFA7}.Release|Any CPU.ActiveCfg = Release|Any CPU
		{53E96086-9A83-49D0-AB00-2E3FBB53DFA7}.Release|Any CPU.Build.0 = Release|Any CPU
	EndGlobalSection
EndGlobal
