
Microsoft Visual Studio Solution File, Format Version 12.00
Project("{FAE04EC0-301F-11D3-BF4B-00C04F79EFBC}") = "Assignment3", "Assignment3\Assignment3.csproj", "{77A4E107-D83F-4AD8-AE09-8230C7258DF4}"
EndProject
Global
	GlobalSection(SolutionConfigurationPlatforms) = preSolution
		Debug|Any CPU = Debug|Any CPU
		Release|Any CPU = Release|Any CPU
	EndGlobalSection
	GlobalSection(ProjectConfigurationPlatforms) = postSolution
		{77A4E107-D83F-4AD8-AE09-8230C7258DF4}.Debug|Any CPU.ActiveCfg = Debug|Any CPU
		{77A4E107-D83F-4AD8-AE09-8230C7258DF4}.Debug|Any CPU.Build.0 = Debug|Any CPU
		{77A4E107-D83F-4AD8-AE09-8230C7258DF4}.Release|Any CPU.ActiveCfg = Release|Any CPU
		{77A4E107-D83F-4AD8-AE09-8230C7258DF4}.Release|Any CPU.Build.0 = Release|Any CPU
	EndGlobalSection
EndGlobal
